// !$*UTF8*$!
{
	archiveVersion = 1;
	classes = {
	};
	objectVersion = 56;
	objects = {

/* Begin PBXBuildFile section */
		6C847F182AC4EF1F00A50F4B /* AppDelegate.swift in Sources */ = {isa = PBXBuildFile; fileRef = 6C847F172AC4EF1F00A50F4B /* AppDelegate.swift */; };
		6C847F1A2AC4EF1F00A50F4B /* SceneDelegate.swift in Sources */ = {isa = PBXBuildFile; fileRef = 6C847F192AC4EF1F00A50F4B /* SceneDelegate.swift */; };
		6C847F1C2AC4EF1F00A50F4B /* ViewController.swift in Sources */ = {isa = PBXBuildFile; fileRef = 6C847F1B2AC4EF1F00A50F4B /* ViewController.swift */; };
		6C847F212AC4EF2000A50F4B /* Assets.xcassets in Resources */ = {isa = PBXBuildFile; fileRef = 6C847F202AC4EF2000A50F4B /* Assets.xcassets */; };
		6C847F242AC4EF2000A50F4B /* LaunchScreen.storyboard in Resources */ = {isa = PBXBuildFile; fileRef = 6C847F222AC4EF2000A50F4B /* LaunchScreen.storyboard */; };
		6C847F2F2AC4EF2000A50F4B /* SocialAppTests.swift in Sources */ = {isa = PBXBuildFile; fileRef = 6C847F2E2AC4EF2000A50F4B /* SocialAppTests.swift */; };
		6C847F392AC4EF2000A50F4B /* SocialAppUITests.swift in Sources */ = {isa = PBXBuildFile; fileRef = 6C847F382AC4EF2000A50F4B /* SocialAppUITests.swift */; };
		6C847F3B2AC4EF2000A50F4B /* SocialAppUITestsLaunchTests.swift in Sources */ = {isa = PBXBuildFile; fileRef = 6C847F3A2AC4EF2000A50F4B /* SocialAppUITestsLaunchTests.swift */; };
		6C847F502AC51FC500A50F4B /* WelcomeModel.swift in Sources */ = {isa = PBXBuildFile; fileRef = 6C847F4F2AC51FC500A50F4B /* WelcomeModel.swift */; };
		6C847F522AC5209700A50F4B /* WelcomeViewModel.swift in Sources */ = {isa = PBXBuildFile; fileRef = 6C847F512AC5209700A50F4B /* WelcomeViewModel.swift */; };
/* End PBXBuildFile section */

/* Begin PBXContainerItemProxy section */
		6C847F2B2AC4EF2000A50F4B /* PBXContainerItemProxy */ = {
			isa = PBXContainerItemProxy;
			containerPortal = 6C847F0C2AC4EF1F00A50F4B /* Project object */;
			proxyType = 1;
			remoteGlobalIDString = 6C847F132AC4EF1F00A50F4B;
			remoteInfo = SocialApp;
		};
		6C847F352AC4EF2000A50F4B /* PBXContainerItemProxy */ = {
			isa = PBXContainerItemProxy;
			containerPortal = 6C847F0C2AC4EF1F00A50F4B /* Project object */;
			proxyType = 1;
			remoteGlobalIDString = 6C847F132AC4EF1F00A50F4B;
			remoteInfo = SocialApp;
		};
/* End PBXContainerItemProxy section */

/* Begin PBXFileReference section */
		6C847F142AC4EF1F00A50F4B /* SocialApp.app */ = {isa = PBXFileReference; explicitFileType = wrapper.application; includeInIndex = 0; path = SocialApp.app; sourceTree = BUILT_PRODUCTS_DIR; };
		6C847F172AC4EF1F00A50F4B /* AppDelegate.swift */ = {isa = PBXFileReference; lastKnownFileType = sourcecode.swift; path = AppDelegate.swift; sourceTree = "<group>"; };
		6C847F192AC4EF1F00A50F4B /* SceneDelegate.swift */ = {isa = PBXFileReference; lastKnownFileType = sourcecode.swift; path = SceneDelegate.swift; sourceTree = "<group>"; };
		6C847F1B2AC4EF1F00A50F4B /* ViewController.swift */ = {isa = PBXFileReference; lastKnownFileType = sourcecode.swift; path = ViewController.swift; sourceTree = "<group>"; };
		6C847F202AC4EF2000A50F4B /* Assets.xcassets */ = {isa = PBXFileReference; lastKnownFileType = folder.assetcatalog; path = Assets.xcassets; sourceTree = "<group>"; };
		6C847F232AC4EF2000A50F4B /* Base */ = {isa = PBXFileReference; lastKnownFileType = file.storyboard; name = Base; path = Base.lproj/LaunchScreen.storyboard; sourceTree = "<group>"; };
		6C847F252AC4EF2000A50F4B /* Info.plist */ = {isa = PBXFileReference; lastKnownFileType = text.plist.xml; path = Info.plist; sourceTree = "<group>"; };
		6C847F2A2AC4EF2000A50F4B /* SocialAppTests.xctest */ = {isa = PBXFileReference; explicitFileType = wrapper.cfbundle; includeInIndex = 0; path = SocialAppTests.xctest; sourceTree = BUILT_PRODUCTS_DIR; };
		6C847F2E2AC4EF2000A50F4B /* SocialAppTests.swift */ = {isa = PBXFileReference; lastKnownFileType = sourcecode.swift; path = SocialAppTests.swift; sourceTree = "<group>"; };
		6C847F342AC4EF2000A50F4B /* SocialAppUITests.xctest */ = {isa = PBXFileReference; explicitFileType = wrapper.cfbundle; includeInIndex = 0; path = SocialAppUITests.xctest; sourceTree = BUILT_PRODUCTS_DIR; };
		6C847F382AC4EF2000A50F4B /* SocialAppUITests.swift */ = {isa = PBXFileReference; lastKnownFileType = sourcecode.swift; path = SocialAppUITests.swift; sourceTree = "<group>"; };
		6C847F3A2AC4EF2000A50F4B /* SocialAppUITestsLaunchTests.swift */ = {isa = PBXFileReference; lastKnownFileType = sourcecode.swift; path = SocialAppUITestsLaunchTests.swift; sourceTree = "<group>"; };
		6C847F4F2AC51FC500A50F4B /* WelcomeModel.swift */ = {isa = PBXFileReference; lastKnownFileType = sourcecode.swift; path = WelcomeModel.swift; sourceTree = "<group>"; };
		6C847F512AC5209700A50F4B /* WelcomeViewModel.swift */ = {isa = PBXFileReference; lastKnownFileType = sourcecode.swift; path = WelcomeViewModel.swift; sourceTree = "<group>"; };
/* End PBXFileReference section */

/* Begin PBXFrameworksBuildPhase section */
		6C847F112AC4EF1F00A50F4B /* Frameworks */ = {
			isa = PBXFrameworksBuildPhase;
			buildActionMask = 2147483647;
			files = (
			);
			runOnlyForDeploymentPostprocessing = 0;
		};
		6C847F272AC4EF2000A50F4B /* Frameworks */ = {
			isa = PBXFrameworksBuildPhase;
			buildActionMask = 2147483647;
			files = (
			);
			runOnlyForDeploymentPostprocessing = 0;
		};
		6C847F312AC4EF2000A50F4B /* Frameworks */ = {
			isa = PBXFrameworksBuildPhase;
			buildActionMask = 2147483647;
			files = (
			);
			runOnlyForDeploymentPostprocessing = 0;
		};
/* End PBXFrameworksBuildPhase section */

/* Begin PBXGroup section */
		6C847F0B2AC4EF1F00A50F4B = {
			isa = PBXGroup;
			children = (
				6C847F162AC4EF1F00A50F4B /* SocialApp */,
				6C847F2D2AC4EF2000A50F4B /* SocialAppTests */,
				6C847F372AC4EF2000A50F4B /* SocialAppUITests */,
				6C847F152AC4EF1F00A50F4B /* Products */,
			);
			sourceTree = "<group>";
		};
		6C847F152AC4EF1F00A50F4B /* Products */ = {
			isa = PBXGroup;
			children = (
				6C847F142AC4EF1F00A50F4B /* SocialApp.app */,
				6C847F2A2AC4EF2000A50F4B /* SocialAppTests.xctest */,
				6C847F342AC4EF2000A50F4B /* SocialAppUITests.xctest */,
			);
			name = Products;
			sourceTree = "<group>";
		};
		6C847F162AC4EF1F00A50F4B /* SocialApp */ = {
			isa = PBXGroup;
			children = (
				6C847F4C2AC518C800A50F4B /* Application */,
				6C847F4D2AC518E600A50F4B /* Controller */,
				6C847F492AC4F59C00A50F4B /* Model */,
				6C847F4A2AC4F5A700A50F4B /* ViewModel */,
				6C847F4E2AC51CEC00A50F4B /* SupportingFiles */,
			);
			path = SocialApp;
			sourceTree = "<group>";
		};
		6C847F2D2AC4EF2000A50F4B /* SocialAppTests */ = {
			isa = PBXGroup;
			children = (
				6C847F2E2AC4EF2000A50F4B /* SocialAppTests.swift */,
			);
			path = SocialAppTests;
			sourceTree = "<group>";
		};
		6C847F372AC4EF2000A50F4B /* SocialAppUITests */ = {
			isa = PBXGroup;
			children = (
				6C847F382AC4EF2000A50F4B /* SocialAppUITests.swift */,
				6C847F3A2AC4EF2000A50F4B /* SocialAppUITestsLaunchTests.swift */,
			);
			path = SocialAppUITests;
			sourceTree = "<group>";
		};
		6C847F492AC4F59C00A50F4B /* Model */ = {
			isa = PBXGroup;
			children = (
				6C847F4F2AC51FC500A50F4B /* WelcomeModel.swift */,
			);
			path = Model;
			sourceTree = "<group>";
		};
		6C847F4A2AC4F5A700A50F4B /* ViewModel */ = {
			isa = PBXGroup;
			children = (
				6C847F512AC5209700A50F4B /* WelcomeViewModel.swift */,
			);
			path = ViewModel;
			sourceTree = "<group>";
		};
		6C847F4C2AC518C800A50F4B /* Application */ = {
			isa = PBXGroup;
			children = (
				6C847F172AC4EF1F00A50F4B /* AppDelegate.swift */,
				6C847F192AC4EF1F00A50F4B /* SceneDelegate.swift */,
			);
			path = Application;
			sourceTree = "<group>";
		};
		6C847F4D2AC518E600A50F4B /* Controller */ = {
			isa = PBXGroup;
			children = (
				6C847F1B2AC4EF1F00A50F4B /* ViewController.swift */,
			);
			path = Controller;
			sourceTree = "<group>";
		};
		6C847F4E2AC51CEC00A50F4B /* SupportingFiles */ = {
			isa = PBXGroup;
			children = (
				6C847F202AC4EF2000A50F4B /* Assets.xcassets */,
				6C847F222AC4EF2000A50F4B /* LaunchScreen.storyboard */,
				6C847F252AC4EF2000A50F4B /* Info.plist */,
			);
			path = SupportingFiles;
			sourceTree = "<group>";
		};
/* End PBXGroup section */

/* Begin PBXNativeTarget section */
		6C847F132AC4EF1F00A50F4B /* SocialApp */ = {
			isa = PBXNativeTarget;
			buildConfigurationList = 6C847F3E2AC4EF2000A50F4B /* Build configuration list for PBXNativeTarget "SocialApp" */;
			buildPhases = (
				6C847F102AC4EF1F00A50F4B /* Sources */,
				6C847F112AC4EF1F00A50F4B /* Frameworks */,
				6C847F122AC4EF1F00A50F4B /* Resources */,
			);
			buildRules = (
			);
			dependencies = (
			);
			name = SocialApp;
			productName = SocialApp;
			productReference = 6C847F142AC4EF1F00A50F4B /* SocialApp.app */;
			productType = "com.apple.product-type.application";
		};
		6C847F292AC4EF2000A50F4B /* SocialAppTests */ = {
			isa = PBXNativeTarget;
			buildConfigurationList = 6C847F412AC4EF2000A50F4B /* Build configuration list for PBXNativeTarget "SocialAppTests" */;
			buildPhases = (
				6C847F262AC4EF2000A50F4B /* Sources */,
				6C847F272AC4EF2000A50F4B /* Frameworks */,
				6C847F282AC4EF2000A50F4B /* Resources */,
			);
			buildRules = (
			);
			dependencies = (
				6C847F2C2AC4EF2000A50F4B /* PBXTargetDependency */,
			);
			name = SocialAppTests;
			productName = SocialAppTests;
			productReference = 6C847F2A2AC4EF2000A50F4B /* SocialAppTests.xctest */;
			productType = "com.apple.product-type.bundle.unit-test";
		};
		6C847F332AC4EF2000A50F4B /* SocialAppUITests */ = {
			isa = PBXNativeTarget;
			buildConfigurationList = 6C847F442AC4EF2000A50F4B /* Build configuration list for PBXNativeTarget "SocialAppUITests" */;
			buildPhases = (
				6C847F302AC4EF2000A50F4B /* Sources */,
				6C847F312AC4EF2000A50F4B /* Frameworks */,
				6C847F322AC4EF2000A50F4B /* Resources */,
			);
			buildRules = (
			);
			dependencies = (
				6C847F362AC4EF2000A50F4B /* PBXTargetDependency */,
			);
			name = SocialAppUITests;
			productName = SocialAppUITests;
			productReference = 6C847F342AC4EF2000A50F4B /* SocialAppUITests.xctest */;
			productType = "com.apple.product-type.bundle.ui-testing";
		};
/* End PBXNativeTarget section */

/* Begin PBXProject section */
		6C847F0C2AC4EF1F00A50F4B /* Project object */ = {
			isa = PBXProject;
			attributes = {
				BuildIndependentTargetsInParallel = 1;
				LastSwiftUpdateCheck = 1500;
				LastUpgradeCheck = 1500;
				TargetAttributes = {
					6C847F132AC4EF1F00A50F4B = {
						CreatedOnToolsVersion = 15.0;
					};
					6C847F292AC4EF2000A50F4B = {
						CreatedOnToolsVersion = 15.0;
						TestTargetID = 6C847F132AC4EF1F00A50F4B;
					};
					6C847F332AC4EF2000A50F4B = {
						CreatedOnToolsVersion = 15.0;
						TestTargetID = 6C847F132AC4EF1F00A50F4B;
					};
				};
			};
			buildConfigurationList = 6C847F0F2AC4EF1F00A50F4B /* Build configuration list for PBXProject "SocialApp" */;
			compatibilityVersion = "Xcode 14.0";
			developmentRegion = en;
			hasScannedForEncodings = 0;
			knownRegions = (
				en,
				Base,
			);
			mainGroup = 6C847F0B2AC4EF1F00A50F4B;
			productRefGroup = 6C847F152AC4EF1F00A50F4B /* Products */;
			projectDirPath = "";
			projectRoot = "";
			targets = (
				6C847F132AC4EF1F00A50F4B /* SocialApp */,
				6C847F292AC4EF2000A50F4B /* SocialAppTests */,
				6C847F332AC4EF2000A50F4B /* SocialAppUITests */,
			);
		};
/* End PBXProject section */

/* Begin PBXResourcesBuildPhase section */
		6C847F122AC4EF1F00A50F4B /* Resources */ = {
			isa = PBXResourcesBuildPhase;
			buildActionMask = 2147483647;
			files = (
				6C847F242AC4EF2000A50F4B /* LaunchScreen.storyboard in Resources */,
				6C847F212AC4EF2000A50F4B /* Assets.xcassets in Resources */,
			);
			runOnlyForDeploymentPostprocessing = 0;
		};
		6C847F282AC4EF2000A50F4B /* Resources */ = {
			isa = PBXResourcesBuildPhase;
			buildActionMask = 2147483647;
			files = (
			);
			runOnlyForDeploymentPostprocessing = 0;
		};
		6C847F322AC4EF2000A50F4B /* Resources */ = {
			isa = PBXResourcesBuildPhase;
			buildActionMask = 2147483647;
			files = (
			);
			runOnlyForDeploymentPostprocessing = 0;
		};
/* End PBXResourcesBuildPhase section */

/* Begin PBXSourcesBuildPhase section */
		6C847F102AC4EF1F00A50F4B /* Sources */ = {
			isa = PBXSourcesBuildPhase;
			buildActionMask = 2147483647;
			files = (
				6C847F502AC51FC500A50F4B /* WelcomeModel.swift in Sources */,
				6C847F522AC5209700A50F4B /* WelcomeViewModel.swift in Sources */,
				6C847F1C2AC4EF1F00A50F4B /* ViewController.swift in Sources */,
				6C847F182AC4EF1F00A50F4B /* AppDelegate.swift in Sources */,
				6C847F1A2AC4EF1F00A50F4B /* SceneDelegate.swift in Sources */,
			);
			runOnlyForDeploymentPostprocessing = 0;
		};
		6C847F262AC4EF2000A50F4B /* Sources */ = {
			isa = PBXSourcesBuildPhase;
			buildActionMask = 2147483647;
			files = (
				6C847F2F2AC4EF2000A50F4B /* SocialAppTests.swift in Sources */,
			);
			runOnlyForDeploymentPostprocessing = 0;
		};
		6C847F302AC4EF2000A50F4B /* Sources */ = {
			isa = PBXSourcesBuildPhase;
			buildActionMask = 2147483647;
			files = (
				6C847F392AC4EF2000A50F4B /* SocialAppUITests.swift in Sources */,
				6C847F3B2AC4EF2000A50F4B /* SocialAppUITestsLaunchTests.swift in Sources */,
			);
			runOnlyForDeploymentPostprocessing = 0;
		};
/* End PBXSourcesBuildPhase section */

/* Begin PBXTargetDependency section */
		6C847F2C2AC4EF2000A50F4B /* PBXTargetDependency */ = {
			isa = PBXTargetDependency;
			target = 6C847F132AC4EF1F00A50F4B /* SocialApp */;
			targetProxy = 6C847F2B2AC4EF2000A50F4B /* PBXContainerItemProxy */;
		};
		6C847F362AC4EF2000A50F4B /* PBXTargetDependency */ = {
			isa = PBXTargetDependency;
			target = 6C847F132AC4EF1F00A50F4B /* SocialApp */;
			targetProxy = 6C847F352AC4EF2000A50F4B /* PBXContainerItemProxy */;
		};
/* End PBXTargetDependency section */

/* Begin PBXVariantGroup section */
		6C847F222AC4EF2000A50F4B /* LaunchScreen.storyboard */ = {
			isa = PBXVariantGroup;
			children = (
				6C847F232AC4EF2000A50F4B /* Base */,
			);
			name = LaunchScreen.storyboard;
			sourceTree = "<group>";
		};
/* End PBXVariantGroup section */

/* Begin XCBuildConfiguration section */
		6C847F3C2AC4EF2000A50F4B /* Debug */ = {
			isa = XCBuildConfiguration;
			buildSettings = {
				ALWAYS_SEARCH_USER_PATHS = NO;
				ASSETCATALOG_COMPILER_GENERATE_SWIFT_ASSET_SYMBOL_EXTENSIONS = YES;
				CLANG_ANALYZER_NONNULL = YES;
				CLANG_ANALYZER_NUMBER_OBJECT_CONVERSION = YES_AGGRESSIVE;
				CLANG_CXX_LANGUAGE_STANDARD = "gnu++20";
				CLANG_ENABLE_MODULES = YES;
				CLANG_ENABLE_OBJC_ARC = YES;
				CLANG_ENABLE_OBJC_WEAK = YES;
				CLANG_WARN_BLOCK_CAPTURE_AUTORELEASING = YES;
				CLANG_WARN_BOOL_CONVERSION = YES;
				CLANG_WARN_COMMA = YES;
				CLANG_WARN_CONSTANT_CONVERSION = YES;
				CLANG_WARN_DEPRECATED_OBJC_IMPLEMENTATIONS = YES;
				CLANG_WARN_DIRECT_OBJC_ISA_USAGE = YES_ERROR;
				CLANG_WARN_DOCUMENTATION_COMMENTS = YES;
				CLANG_WARN_EMPTY_BODY = YES;
				CLANG_WARN_ENUM_CONVERSION = YES;
				CLANG_WARN_INFINITE_RECURSION = YES;
				CLANG_WARN_INT_CONVERSION = YES;
				CLANG_WARN_NON_LITERAL_NULL_CONVERSION = YES;
				CLANG_WARN_OBJC_IMPLICIT_RETAIN_SELF = YES;
				CLANG_WARN_OBJC_LITERAL_CONVERSION = YES;
				CLANG_WARN_OBJC_ROOT_CLASS = YES_ERROR;
				CLANG_WARN_QUOTED_INCLUDE_IN_FRAMEWORK_HEADER = YES;
				CLANG_WARN_RANGE_LOOP_ANALYSIS = YES;
				CLANG_WARN_STRICT_PROTOTYPES = YES;
				CLANG_WARN_SUSPICIOUS_MOVE = YES;
				CLANG_WARN_UNGUARDED_AVAILABILITY = YES_AGGRESSIVE;
				CLANG_WARN_UNREACHABLE_CODE = YES;
				CLANG_WARN__DUPLICATE_METHOD_MATCH = YES;
				COPY_PHASE_STRIP = NO;
				DEBUG_INFORMATION_FORMAT = dwarf;
				ENABLE_STRICT_OBJC_MSGSEND = YES;
				ENABLE_TESTABILITY = YES;
				ENABLE_USER_SCRIPT_SANDBOXING = YES;
				GCC_C_LANGUAGE_STANDARD = gnu17;
				GCC_DYNAMIC_NO_PIC = NO;
				GCC_NO_COMMON_BLOCKS = YES;
				GCC_OPTIMIZATION_LEVEL = 0;
				GCC_PREPROCESSOR_DEFINITIONS = (
					"DEBUG=1",
					"$(inherited)",
				);
				GCC_WARN_64_TO_32_BIT_CONVERSION = YES;
				GCC_WARN_ABOUT_RETURN_TYPE = YES_ERROR;
				GCC_WARN_UNDECLARED_SELECTOR = YES;
				GCC_WARN_UNINITIALIZED_AUTOS = YES_AGGRESSIVE;
				GCC_WARN_UNUSED_FUNCTION = YES;
				GCC_WARN_UNUSED_VARIABLE = YES;
				IPHONEOS_DEPLOYMENT_TARGET = 17.0;
				LOCALIZATION_PREFERS_STRING_CATALOGS = YES;
				MTL_ENABLE_DEBUG_INFO = INCLUDE_SOURCE;
				MTL_FAST_MATH = YES;
				ONLY_ACTIVE_ARCH = YES;
				SDKROOT = iphoneos;
				SWIFT_ACTIVE_COMPILATION_CONDITIONS = "DEBUG $(inherited)";
				SWIFT_OPTIMIZATION_LEVEL = "-Onone";
			};
			name = Debug;
		};
		6C847F3D2AC4EF2000A50F4B /* Release */ = {
			isa = XCBuildConfiguration;
			buildSettings = {
				ALWAYS_SEARCH_USER_PATHS = NO;
				ASSETCATALOG_COMPILER_GENERATE_SWIFT_ASSET_SYMBOL_EXTENSIONS = YES;
				CLANG_ANALYZER_NONNULL = YES;
				CLANG_ANALYZER_NUMBER_OBJECT_CONVERSION = YES_AGGRESSIVE;
				CLANG_CXX_LANGUAGE_STANDARD = "gnu++20";
				CLANG_ENABLE_MODULES = YES;
				CLANG_ENABLE_OBJC_ARC = YES;
				CLANG_ENABLE_OBJC_WEAK = YES;
				CLANG_WARN_BLOCK_CAPTURE_AUTORELEASING = YES;
				CLANG_WARN_BOOL_CONVERSION = YES;
				CLANG_WARN_COMMA = YES;
				CLANG_WARN_CONSTANT_CONVERSION = YES;
				CLANG_WARN_DEPRECATED_OBJC_IMPLEMENTATIONS = YES;
				CLANG_WARN_DIRECT_OBJC_ISA_USAGE = YES_ERROR;
				CLANG_WARN_DOCUMENTATION_COMMENTS = YES;
				CLANG_WARN_EMPTY_BODY = YES;
				CLANG_WARN_ENUM_CONVERSION = YES;
				CLANG_WARN_INFINITE_RECURSION = YES;
				CLANG_WARN_INT_CONVERSION = YES;
				CLANG_WARN_NON_LITERAL_NULL_CONVERSION = YES;
				CLANG_WARN_OBJC_IMPLICIT_RETAIN_SELF = YES;
				CLANG_WARN_OBJC_LITERAL_CONVERSION = YES;
				CLANG_WARN_OBJC_ROOT_CLASS = YES_ERROR;
				CLANG_WARN_QUOTED_INCLUDE_IN_FRAMEWORK_HEADER = YES;
				CLANG_WARN_RANGE_LOOP_ANALYSIS = YES;
				CLANG_WARN_STRICT_PROTOTYPES = YES;
				CLANG_WARN_SUSPICIOUS_MOVE = YES;
				CLANG_WARN_UNGUARDED_AVAILABILITY = YES_AGGRESSIVE;
				CLANG_WARN_UNREACHABLE_CODE = YES;
				CLANG_WARN__DUPLICATE_METHOD_MATCH = YES;
				COPY_PHASE_STRIP = NO;
				DEBUG_INFORMATION_FORMAT = "dwarf-with-dsym";
				ENABLE_NS_ASSERTIONS = NO;
				ENABLE_STRICT_OBJC_MSGSEND = YES;
				ENABLE_USER_SCRIPT_SANDBOXING = YES;
				GCC_C_LANGUAGE_STANDARD = gnu17;
				GCC_NO_COMMON_BLOCKS = YES;
				GCC_WARN_64_TO_32_BIT_CONVERSION = YES;
				GCC_WARN_ABOUT_RETURN_TYPE = YES_ERROR;
				GCC_WARN_UNDECLARED_SELECTOR = YES;
				GCC_WARN_UNINITIALIZED_AUTOS = YES_AGGRESSIVE;
				GCC_WARN_UNUSED_FUNCTION = YES;
				GCC_WARN_UNUSED_VARIABLE = YES;
				IPHONEOS_DEPLOYMENT_TARGET = 17.0;
				LOCALIZATION_PREFERS_STRING_CATALOGS = YES;
				MTL_ENABLE_DEBUG_INFO = NO;
				MTL_FAST_MATH = YES;
				SDKROOT = iphoneos;
				SWIFT_COMPILATION_MODE = wholemodule;
				VALIDATE_PRODUCT = YES;
			};
			name = Release;
		};
		6C847F3F2AC4EF2000A50F4B /* Debug */ = {
			isa = XCBuildConfiguration;
			buildSettings = {
				ASSETCATALOG_COMPILER_APPICON_NAME = AppIcon;
				ASSETCATALOG_COMPILER_GLOBAL_ACCENT_COLOR_NAME = AccentColor;
				CODE_SIGN_STYLE = Automatic;
				CURRENT_PROJECT_VERSION = 1;
				DEVELOPMENT_TEAM = J8G8DUU33R;
				GENERATE_INFOPLIST_FILE = YES;
				INFOPLIST_FILE = SocialApp/SupportingFiles/Info.plist;
				INFOPLIST_KEY_UIApplicationSupportsIndirectInputEvents = YES;
				INFOPLIST_KEY_UILaunchStoryboardName = LaunchScreen;
				INFOPLIST_KEY_UISupportedInterfaceOrientations_iPad = "UIInterfaceOrientationPortrait UIInterfaceOrientationPortraitUpsideDown UIInterfaceOrientationLandscapeLeft UIInterfaceOrientationLandscapeRight";
				INFOPLIST_KEY_UISupportedInterfaceOrientations_iPhone = "UIInterfaceOrientationPortrait UIInterfaceOrientationLandscapeLeft UIInterfaceOrientationLandscapeRight";
				IPHONEOS_DEPLOYMENT_TARGET = 15.0;
				LD_RUNPATH_SEARCH_PATHS = (
					"$(inherited)",
					"@executable_path/Frameworks",
				);
				MARKETING_VERSION = 1.0;
				PRODUCT_BUNDLE_IDENTIFIER = com.SocialApp;
				PRODUCT_NAME = "$(TARGET_NAME)";
				SWIFT_EMIT_LOC_STRINGS = YES;
				SWIFT_VERSION = 5.0;
				TARGETED_DEVICE_FAMILY = "1,2";
			};
			name = Debug;
		};
		6C847F402AC4EF2000A50F4B /* Release */ = {
			isa = XCBuildConfiguration;
			buildSettings = {
				ASSETCATALOG_COMPILER_APPICON_NAME = AppIcon;
				ASSETCATALOG_COMPILER_GLOBAL_ACCENT_COLOR_NAME = AccentColor;
				CODE_SIGN_STYLE = Automatic;
				CURRENT_PROJECT_VERSION = 1;
				DEVELOPMENT_TEAM = J8G8DUU33R;
				GENERATE_INFOPLIST_FILE = YES;
				INFOPLIST_FILE = SocialApp/SupportingFiles/Info.plist;
				INFOPLIST_KEY_UIApplicationSupportsIndirectInputEvents = YES;
				INFOPLIST_KEY_UILaunchStoryboardName = LaunchScreen;
				INFOPLIST_KEY_UISupportedInterfaceOrientations_iPad = "UIInterfaceOrientationPortrait UIInterfaceOrientationPortraitUpsideDown UIInterfaceOrientationLandscapeLeft UIInterfaceOrientationLandscapeRight";
				INFOPLIST_KEY_UISupportedInterfaceOrientations_iPhone = "UIInterfaceOrientationPortrait UIInterfaceOrientationLandscapeLeft UIInterfaceOrientationLandscapeRight";
				IPHONEOS_DEPLOYMENT_TARGET = 15.0;
				LD_RUNPATH_SEARCH_PATHS = (
					"$(inherited)",
					"@executable_path/Frameworks",
				);
				MARKETING_VERSION = 1.0;
				PRODUCT_BUNDLE_IDENTIFIER = com.SocialApp;
				PRODUCT_NAME = "$(TARGET_NAME)";
				SWIFT_EMIT_LOC_STRINGS = YES;
				SWIFT_VERSION = 5.0;
				TARGETED_DEVICE_FAMILY = "1,2";
			};
			name = Release;
		};
		6C847F422AC4EF2000A50F4B /* Debug */ = {
			isa = XCBuildConfiguration;
			buildSettings = {
				ALWAYS_EMBED_SWIFT_STANDARD_LIBRARIES = YES;
				BUNDLE_LOADER = "$(TEST_HOST)";
				CODE_SIGN_STYLE = Automatic;
				CURRENT_PROJECT_VERSION = 1;
				DEVELOPMENT_TEAM = J8G8DUU33R;
				GENERATE_INFOPLIST_FILE = YES;
				IPHONEOS_DEPLOYMENT_TARGET = 17.0;
				MARKETING_VERSION = 1.0;
				PRODUCT_BUNDLE_IDENTIFIER = com.SocialAppTests;
				PRODUCT_NAME = "$(TARGET_NAME)";
				SWIFT_EMIT_LOC_STRINGS = NO;
				SWIFT_VERSION = 5.0;
				TARGETED_DEVICE_FAMILY = "1,2";
				TEST_HOST = "$(BUILT_PRODUCTS_DIR)/SocialApp.app/$(BUNDLE_EXECUTABLE_FOLDER_PATH)/SocialApp";
			};
			name = Debug;
		};
		6C847F432AC4EF2000A50F4B /* Release */ = {
			isa = XCBuildConfiguration;
			buildSettings = {
				ALWAYS_EMBED_SWIFT_STANDARD_LIBRARIES = YES;
				BUNDLE_LOADER = "$(TEST_HOST)";
				CODE_SIGN_STYLE = Automatic;
				CURRENT_PROJECT_VERSION = 1;
				DEVELOPMENT_TEAM = J8G8DUU33R;
				GENERATE_INFOPLIST_FILE = YES;
				IPHONEOS_DEPLOYMENT_TARGET = 17.0;
				MARKETING_VERSION = 1.0;
				PRODUCT_BUNDLE_IDENTIFIER = com.SocialAppTests;
				PRODUCT_NAME = "$(TARGET_NAME)";
				SWIFT_EMIT_LOC_STRINGS = NO;
				SWIFT_VERSION = 5.0;
				TARGETED_DEVICE_FAMILY = "1,2";
				TEST_HOST = "$(BUILT_PRODUCTS_DIR)/SocialApp.app/$(BUNDLE_EXECUTABLE_FOLDER_PATH)/SocialApp";
			};
			name = Release;
		};
		6C847F452AC4EF2000A50F4B /* Debug */ = {
			isa = XCBuildConfiguration;
			buildSettings = {
				ALWAYS_EMBED_SWIFT_STANDARD_LIBRARIES = YES;
				CODE_SIGN_STYLE = Automatic;
				CURRENT_PROJECT_VERSION = 1;
				DEVELOPMENT_TEAM = J8G8DUU33R;
				GENERATE_INFOPLIST_FILE = YES;
				MARKETING_VERSION = 1.0;
				PRODUCT_BUNDLE_IDENTIFIER = com.SocialAppUITests;
				PRODUCT_NAME = "$(TARGET_NAME)";
				SWIFT_EMIT_LOC_STRINGS = NO;
				SWIFT_VERSION = 5.0;
				TARGETED_DEVICE_FAMILY = "1,2";
				TEST_TARGET_NAME = SocialApp;
			};
			name = Debug;
		};
		6C847F462AC4EF2000A50F4B /* Release */ = {
			isa = XCBuildConfiguration;
			buildSettings = {
				ALWAYS_EMBED_SWIFT_STANDARD_LIBRARIES = YES;
				CODE_SIGN_STYLE = Automatic;
				CURRENT_PROJECT_VERSION = 1;
				DEVELOPMENT_TEAM = J8G8DUU33R;
				GENERATE_INFOPLIST_FILE = YES;
				MARKETING_VERSION = 1.0;
				PRODUCT_BUNDLE_IDENTIFIER = com.SocialAppUITests;
				PRODUCT_NAME = "$(TARGET_NAME)";
				SWIFT_EMIT_LOC_STRINGS = NO;
				SWIFT_VERSION = 5.0;
				TARGETED_DEVICE_FAMILY = "1,2";
				TEST_TARGET_NAME = SocialApp;
			};
			name = Release;
		};
/* End XCBuildConfiguration section */

/* Begin XCConfigurationList section */
		6C847F0F2AC4EF1F00A50F4B /* Build configuration list for PBXProject "SocialApp" */ = {
			isa = XCConfigurationList;
			buildConfigurations = (
				6C847F3C2AC4EF2000A50F4B /* Debug */,
				6C847F3D2AC4EF2000A50F4B /* Release */,
			);
			defaultConfigurationIsVisible = 0;
			defaultConfigurationName = Release;
		};
		6C847F3E2AC4EF2000A50F4B /* Build configuration list for PBXNativeTarget "SocialApp" */ = {
			isa = XCConfigurationList;
			buildConfigurations = (
				6C847F3F2AC4EF2000A50F4B /* Debug */,
				6C847F402AC4EF2000A50F4B /* Release */,
			);
			defaultConfigurationIsVisible = 0;
			defaultConfigurationName = Release;
		};
		6C847F412AC4EF2000A50F4B /* Build configuration list for PBXNativeTarget "SocialAppTests" */ = {
			isa = XCConfigurationList;
			buildConfigurations = (
				6C847F422AC4EF2000A50F4B /* Debug */,
				6C847F432AC4EF2000A50F4B /* Release */,
			);
			defaultConfigurationIsVisible = 0;
			defaultConfigurationName = Release;
		};
		6C847F442AC4EF2000A50F4B /* Build configuration list for PBXNativeTarget "SocialAppUITests" */ = {
			isa = XCConfigurationList;
			buildConfigurations = (
				6C847F452AC4EF2000A50F4B /* Debug */,
				6C847F462AC4EF2000A50F4B /* Release */,
			);
			defaultConfigurationIsVisible = 0;
			defaultConfigurationName = Release;
		};
/* End XCConfigurationList section */
	};
	rootObject = 6C847F0C2AC4EF1F00A50F4B /* Project object */;
}
